
Microsoft Visual Studio Solution File, Format Version 12.00
# Visual Studio 15
VisualStudioVersion = 15.0.27004.2005
MinimumVisualStudioVersion = 10.0.40219.1
Project("{9A19103F-16F7-4668-BE54-9A1E7A4F7556}") = "dynocard_telemetry", "dynocard_telemetry.csproj", "{5F970304-ADB1-4BDB-A378-364B4B064369}"
EndProject
Global
	GlobalSection(SolutionConfigurationPlatforms) = preSolution
		Debug|Any CPU = Debug|Any CPU
		Release|Any CPU = Release|Any CPU
	EndGlobalSection
	GlobalSection(ProjectConfigurationPlatforms) = postSolution
		{5F970304-ADB1-4BDB-A378-364B4B064369}.Debug|Any CPU.ActiveCfg = Debug|Any CPU
		{5F970304-ADB1-4BDB-A378-364B4B064369}.Debug|Any CPU.Build.0 = Debug|Any CPU
		{5F970304-ADB1-4BDB-A378-364B4B064369}.Release|Any CPU.ActiveCfg = Release|Any CPU
		{5F970304-ADB1-4BDB-A378-364B4B064369}.Release|Any CPU.Build.0 = Release|Any CPU
	EndGlobalSection
	GlobalSection(SolutionProperties) = preSolution
		HideSolutionNode = FALSE
	EndGlobalSection
	GlobalSection(ExtensibilityGlobals) = postSolution
		SolutionGuid = {FC886E6E-7386-4DEE-92BC-3CD7CFDF427C}
	EndGlobalSection
EndGlobal
