
Microsoft Visual Studio Solution File, Format Version 12.00
# Visual Studio 15
VisualStudioVersion = 15.0.27428.2015
MinimumVisualStudioVersion = 10.0.40219.1
Project("{FAE04EC0-301F-11D3-BF4B-00C04F79EFBC}") = "DynoCardWebAPI", "DynoCardWebAPI\DynoCardWebAPI.csproj", "{D8510513-07AC-4E2D-BB7F-3A800FDFF86C}"
EndProject
Global
	GlobalSection(SolutionConfigurationPlatforms) = preSolution
		Debug|Any CPU = Debug|Any CPU
		Release|Any CPU = Release|Any CPU
	EndGlobalSection
	GlobalSection(ProjectConfigurationPlatforms) = postSolution
		{D8510513-07AC-4E2D-BB7F-3A800FDFF86C}.Debug|Any CPU.ActiveCfg = Debug|Any CPU
		{D8510513-07AC-4E2D-BB7F-3A800FDFF86C}.Debug|Any CPU.Build.0 = Debug|Any CPU
		{D8510513-07AC-4E2D-BB7F-3A800FDFF86C}.Release|Any CPU.ActiveCfg = Release|Any CPU
		{D8510513-07AC-4E2D-BB7F-3A800FDFF86C}.Release|Any CPU.Build.0 = Release|Any CPU
	EndGlobalSection
	GlobalSection(SolutionProperties) = preSolution
		HideSolutionNode = FALSE
	EndGlobalSection
	GlobalSection(ExtensibilityGlobals) = postSolution
		SolutionGuid = {E2A24F6D-42B2-43B7-909B-C3C66B8E8E12}
	EndGlobalSection
EndGlobal
