
Microsoft Visual Studio Solution File, Format Version 12.00
# Visual Studio 15
VisualStudioVersion = 15.0.27004.2005
MinimumVisualStudioVersion = 10.0.40219.1
Project("{9A19103F-16F7-4668-BE54-9A1E7A4F7556}") = "DynoCardAlertModule", "DynoCardAlertModule.csproj", "{7D71CAD2-BE98-41CA-AFCB-20D9AC1DC7C9}"
EndProject
Global
	GlobalSection(SolutionConfigurationPlatforms) = preSolution
		Debug|Any CPU = Debug|Any CPU
		Release|Any CPU = Release|Any CPU
	EndGlobalSection
	GlobalSection(ProjectConfigurationPlatforms) = postSolution
		{7D71CAD2-BE98-41CA-AFCB-20D9AC1DC7C9}.Debug|Any CPU.ActiveCfg = Debug|Any CPU
		{7D71CAD2-BE98-41CA-AFCB-20D9AC1DC7C9}.Debug|Any CPU.Build.0 = Debug|Any CPU
		{7D71CAD2-BE98-41CA-AFCB-20D9AC1DC7C9}.Release|Any CPU.ActiveCfg = Release|Any CPU
		{7D71CAD2-BE98-41CA-AFCB-20D9AC1DC7C9}.Release|Any CPU.Build.0 = Release|Any CPU
	EndGlobalSection
	GlobalSection(SolutionProperties) = preSolution
		HideSolutionNode = FALSE
	EndGlobalSection
	GlobalSection(ExtensibilityGlobals) = postSolution
		SolutionGuid = {AF316028-061B-460B-A559-EA50F00E858A}
	EndGlobalSection
EndGlobal
